
Microsoft Visual Studio Solution File, Format Version 12.00
# Visual Studio Version 17
VisualStudioVersion = 17.13.35818.85 d17.13
MinimumVisualStudioVersion = 10.0.40219.1
Project("{FAE04EC0-301F-11D3-BF4B-00C04F79EFBC}") = "TP3", "TP3\TP3.csproj", "{EC491C48-FDC1-4781-8980-08E154B13EAF}"
EndProject
Global
	GlobalSection(SolutionConfigurationPlatforms) = preSolution
		Debug|Any CPU = Debug|Any CPU
		Release|Any CPU = Release|Any CPU
	EndGlobalSection
	GlobalSection(ProjectConfigurationPlatforms) = postSolution
		{EC491C48-FDC1-4781-8980-08E154B13EAF}.Debug|Any CPU.ActiveCfg = Debug|Any CPU
		{EC491C48-FDC1-4781-8980-08E154B13EAF}.Debug|Any CPU.Build.0 = Debug|Any CPU
		{EC491C48-FDC1-4781-8980-08E154B13EAF}.Release|Any CPU.ActiveCfg = Release|Any CPU
		{EC491C48-FDC1-4781-8980-08E154B13EAF}.Release|Any CPU.Build.0 = Release|Any CPU
	EndGlobalSection
	GlobalSection(SolutionProperties) = preSolution
		HideSolutionNode = FALSE
	EndGlobalSection
	GlobalSection(ExtensibilityGlobals) = postSolution
		SolutionGuid = {BA39F036-7C8C-4DF7-AF90-9718128CA7B6}
	EndGlobalSection
EndGlobal
