
Microsoft Visual Studio Solution File, Format Version 12.00
# Visual Studio Version 17
VisualStudioVersion = 17.13.35818.85 d17.13
MinimumVisualStudioVersion = 10.0.40219.1
Project("{FAE04EC0-301F-11D3-BF4B-00C04F79EFBC}") = "tpmodul4_103022300101", "tpmodul4_103022300101\tpmodul4_103022300101.csproj", "{C19ED1CA-3151-430B-B98B-E5CDC1A355D5}"
EndProject
Global
	GlobalSection(SolutionConfigurationPlatforms) = preSolution
		Debug|Any CPU = Debug|Any CPU
		Release|Any CPU = Release|Any CPU
	EndGlobalSection
	GlobalSection(ProjectConfigurationPlatforms) = postSolution
		{C19ED1CA-3151-430B-B98B-E5CDC1A355D5}.Debug|Any CPU.ActiveCfg = Debug|Any CPU
		{C19ED1CA-3151-430B-B98B-E5CDC1A355D5}.Debug|Any CPU.Build.0 = Debug|Any CPU
		{C19ED1CA-3151-430B-B98B-E5CDC1A355D5}.Release|Any CPU.ActiveCfg = Release|Any CPU
		{C19ED1CA-3151-430B-B98B-E5CDC1A355D5}.Release|Any CPU.Build.0 = Release|Any CPU
	EndGlobalSection
	GlobalSection(SolutionProperties) = preSolution
		HideSolutionNode = FALSE
	EndGlobalSection
	GlobalSection(ExtensibilityGlobals) = postSolution
		SolutionGuid = {D265C11D-7643-4FA5-81DF-25F963146B01}
	EndGlobalSection
EndGlobal
